# THIS IS AN AUTOGENERATED FILE. DO NOT EDIT THIS FILE DIRECTLY.
# yarn lockfile v1


react-virtuoso@^4.0.7:
  version "4.0.7"
  resolved "https://registry.yarnpkg.com/react-virtuoso/-/react-virtuoso-4.0.7.tgz#74ad76a47af9d414e67b446aa869e350bda816f3"
  integrity sha512-ZDiX9VuXSH9gt9nGiaTmhj3DJ9mZ0bTmfLjEt/f1pkdY3vCXYn8k4Edo7hXumgTFt6UfRpR8G0Q81z28a7282Q==
